
Microsoft Visual Studio Solution File, Format Version 12.00
# Visual Studio 15
VisualStudioVersion = 15.0.27130.2027
MinimumVisualStudioVersion = 10.0.40219.1
Project("{9A19103F-16F7-4668-BE54-9A1E7A4F7556}") = "XamarinFormsApp", "XamarinFormsApp\XamarinFormsApp\XamarinFormsApp.csproj", "{93A3DFC4-A083-43DF-A308-9C0855EEB765}"
EndProject
Project("{FAE04EC0-301F-11D3-BF4B-00C04F79EFBC}") = "XamarinFormsApp.UWP", "XamarinFormsApp\XamarinFormsApp.UWP\XamarinFormsApp.UWP.csproj", "{30B38003-F9A7-4969-9B1E-8FC71E88D96D}"
EndProject
Project("{FAE04EC0-301F-11D3-BF4B-00C04F79EFBC}") = "UwpAppCS", "UwpAppCS\UwpAppCS.csproj", "{4AFDB2A2-BA99-4A61-880E-64EFCFEA8ECD}"
EndProject
Project("{FAE04EC0-301F-11D3-BF4B-00C04F79EFBC}") = "WindowsFormsAppCS", "WindowsFormsAppCS\WindowsFormsAppCS.csproj", "{072EF7BD-39C0-4D89-9624-9EF80D153074}"
EndProject
Project("{F184B08F-C81C-45F6-A57F-5ABD9991F28F}") = "WindowsFormsAppVB", "WindowsFormsAppVB\WindowsFormsAppVB.vbproj", "{0C0E02F6-8C33-49A8-A9C8-C2026E0645BD}"
EndProject
Project("{FAE04EC0-301F-11D3-BF4B-00C04F79EFBC}") = "WpfAppCS", "WpfAppCS\WpfAppCS.csproj", "{0A7C79D1-CD50-4519-96F1-FC5718A0F37F}"
EndProject
Project("{F184B08F-C81C-45F6-A57F-5ABD9991F28F}") = "WpfAppVB", "WpfAppVB\WpfAppVB.vbproj", "{04A1CC9D-CEC7-410C-9BAC-037347D119DD}"
EndProject
Project("{2150E333-8FDC-42A3-9474-1A3956D46DE8}") = "SamplePicture", "SamplePicture", "{B246A915-CD3F-4A5C-8CE6-92767FA3B637}"
	ProjectSection(SolutionItems) = preProject
		SamplePicture\JAN01.png = SamplePicture\JAN01.png
		SamplePicture\JAN02a.png = SamplePicture\JAN02a.png
		SamplePicture\JAN02b.png = SamplePicture\JAN02b.png
		SamplePicture\JAN02c.png = SamplePicture\JAN02c.png
		SamplePicture\QR01.png = SamplePicture\QR01.png
	EndProjectSection
EndProject
Project("{2150E333-8FDC-42A3-9474-1A3956D46DE8}") = "dotNetStandard", "dotNetStandard", "{3F3B2693-850C-4058-B21E-1214696EB391}"
EndProject
Project("{9A19103F-16F7-4668-BE54-9A1E7A4F7556}") = "StdLib", "dotNetStandard\StdLib\StdLib.csproj", "{2B91B8E0-8B18-4543-9000-CD3B4150D583}"
EndProject
Project("{FAE04EC0-301F-11D3-BF4B-00C04F79EFBC}") = "WindowsFormsApp", "dotNetStandard\WindowsFormsApp\WindowsFormsApp.csproj", "{0F60934B-B0CE-4868-B4DE-9613AD850406}"
EndProject
Project("{FAE04EC0-301F-11D3-BF4B-00C04F79EFBC}") = "WpfApp", "dotNetStandard\WpfApp\WpfApp.csproj", "{9655924E-28ED-4475-BFE3-891D29A71098}"
EndProject
Project("{FAE04EC0-301F-11D3-BF4B-00C04F79EFBC}") = "UwpApp", "dotNetStandard\UwpApp\UwpApp.csproj", "{833DFEFC-4626-4E20-A3B4-92776418B1BF}"
EndProject
Project("{FAE04EC0-301F-11D3-BF4B-00C04F79EFBC}") = "XamarinStdApp.UWP", "dotNetStandard\XamarinStdApp\XamarinStdApp.UWP\XamarinStdApp.UWP.csproj", "{5327EF36-4DCC-4C0B-8069-D25C02E50523}"
EndProject
Project("{9A19103F-16F7-4668-BE54-9A1E7A4F7556}") = "XamarinStdApp", "dotNetStandard\XamarinStdApp\XamarinStdApp\XamarinStdApp.csproj", "{66E52E06-4A37-4C77-8CEB-1156885F824A}"
EndProject
Global
	GlobalSection(SolutionConfigurationPlatforms) = preSolution
		Ad-Hoc|Any CPU = Ad-Hoc|Any CPU
		Ad-Hoc|ARM = Ad-Hoc|ARM
		Ad-Hoc|iPhone = Ad-Hoc|iPhone
		Ad-Hoc|iPhoneSimulator = Ad-Hoc|iPhoneSimulator
		Ad-Hoc|x64 = Ad-Hoc|x64
		Ad-Hoc|x86 = Ad-Hoc|x86
		AppStore|Any CPU = AppStore|Any CPU
		AppStore|ARM = AppStore|ARM
		AppStore|iPhone = AppStore|iPhone
		AppStore|iPhoneSimulator = AppStore|iPhoneSimulator
		AppStore|x64 = AppStore|x64
		AppStore|x86 = AppStore|x86
		Debug|Any CPU = Debug|Any CPU
		Debug|ARM = Debug|ARM
		Debug|iPhone = Debug|iPhone
		Debug|iPhoneSimulator = Debug|iPhoneSimulator
		Debug|x64 = Debug|x64
		Debug|x86 = Debug|x86
		Release|Any CPU = Release|Any CPU
		Release|ARM = Release|ARM
		Release|iPhone = Release|iPhone
		Release|iPhoneSimulator = Release|iPhoneSimulator
		Release|x64 = Release|x64
		Release|x86 = Release|x86
	EndGlobalSection
	GlobalSection(ProjectConfigurationPlatforms) = postSolution
		{93A3DFC4-A083-43DF-A308-9C0855EEB765}.Ad-Hoc|Any CPU.ActiveCfg = Debug|Any CPU
		{93A3DFC4-A083-43DF-A308-9C0855EEB765}.Ad-Hoc|Any CPU.Build.0 = Debug|Any CPU
		{93A3DFC4-A083-43DF-A308-9C0855EEB765}.Ad-Hoc|ARM.ActiveCfg = Debug|Any CPU
		{93A3DFC4-A083-43DF-A308-9C0855EEB765}.Ad-Hoc|ARM.Build.0 = Debug|Any CPU
		{93A3DFC4-A083-43DF-A308-9C0855EEB765}.Ad-Hoc|iPhone.ActiveCfg = Debug|Any CPU
		{93A3DFC4-A083-43DF-A308-9C0855EEB765}.Ad-Hoc|iPhone.Build.0 = Debug|Any CPU
		{93A3DFC4-A083-43DF-A308-9C0855EEB765}.Ad-Hoc|iPhoneSimulator.ActiveCfg = Debug|Any CPU
		{93A3DFC4-A083-43DF-A308-9C0855EEB765}.Ad-Hoc|iPhoneSimulator.Build.0 = Debug|Any CPU
		{93A3DFC4-A083-43DF-A308-9C0855EEB765}.Ad-Hoc|x64.ActiveCfg = Debug|Any CPU
		{93A3DFC4-A083-43DF-A308-9C0855EEB765}.Ad-Hoc|x64.Build.0 = Debug|Any CPU
		{93A3DFC4-A083-43DF-A308-9C0855EEB765}.Ad-Hoc|x86.ActiveCfg = Debug|Any CPU
		{93A3DFC4-A083-43DF-A308-9C0855EEB765}.Ad-Hoc|x86.Build.0 = Debug|Any CPU
		{93A3DFC4-A083-43DF-A308-9C0855EEB765}.AppStore|Any CPU.ActiveCfg = Debug|Any CPU
		{93A3DFC4-A083-43DF-A308-9C0855EEB765}.AppStore|Any CPU.Build.0 = Debug|Any CPU
		{93A3DFC4-A083-43DF-A308-9C0855EEB765}.AppStore|ARM.ActiveCfg = Debug|Any CPU
		{93A3DFC4-A083-43DF-A308-9C0855EEB765}.AppStore|ARM.Build.0 = Debug|Any CPU
		{93A3DFC4-A083-43DF-A308-9C0855EEB765}.AppStore|iPhone.ActiveCfg = Debug|Any CPU
		{93A3DFC4-A083-43DF-A308-9C0855EEB765}.AppStore|iPhone.Build.0 = Debug|Any CPU
		{93A3DFC4-A083-43DF-A308-9C0855EEB765}.AppStore|iPhoneSimulator.ActiveCfg = Debug|Any CPU
		{93A3DFC4-A083-43DF-A308-9C0855EEB765}.AppStore|iPhoneSimulator.Build.0 = Debug|Any CPU
		{93A3DFC4-A083-43DF-A308-9C0855EEB765}.AppStore|x64.ActiveCfg = Debug|Any CPU
		{93A3DFC4-A083-43DF-A308-9C0855EEB765}.AppStore|x64.Build.0 = Debug|Any CPU
		{93A3DFC4-A083-43DF-A308-9C0855EEB765}.AppStore|x86.ActiveCfg = Debug|Any CPU
		{93A3DFC4-A083-43DF-A308-9C0855EEB765}.AppStore|x86.Build.0 = Debug|Any CPU
		{93A3DFC4-A083-43DF-A308-9C0855EEB765}.Debug|Any CPU.ActiveCfg = Debug|Any CPU
		{93A3DFC4-A083-43DF-A308-9C0855EEB765}.Debug|Any CPU.Build.0 = Debug|Any CPU
		{93A3DFC4-A083-43DF-A308-9C0855EEB765}.Debug|ARM.ActiveCfg = Debug|Any CPU
		{93A3DFC4-A083-43DF-A308-9C0855EEB765}.Debug|ARM.Build.0 = Debug|Any CPU
		{93A3DFC4-A083-43DF-A308-9C0855EEB765}.Debug|iPhone.ActiveCfg = Debug|Any CPU
		{93A3DFC4-A083-43DF-A308-9C0855EEB765}.Debug|iPhone.Build.0 = Debug|Any CPU
		{93A3DFC4-A083-43DF-A308-9C0855EEB765}.Debug|iPhoneSimulator.ActiveCfg = Debug|Any CPU
		{93A3DFC4-A083-43DF-A308-9C0855EEB765}.Debug|iPhoneSimulator.Build.0 = Debug|Any CPU
		{93A3DFC4-A083-43DF-A308-9C0855EEB765}.Debug|x64.ActiveCfg = Debug|Any CPU
		{93A3DFC4-A083-43DF-A308-9C0855EEB765}.Debug|x64.Build.0 = Debug|Any CPU
		{93A3DFC4-A083-43DF-A308-9C0855EEB765}.Debug|x86.ActiveCfg = Debug|Any CPU
		{93A3DFC4-A083-43DF-A308-9C0855EEB765}.Debug|x86.Build.0 = Debug|Any CPU
		{93A3DFC4-A083-43DF-A308-9C0855EEB765}.Release|Any CPU.ActiveCfg = Release|Any CPU
		{93A3DFC4-A083-43DF-A308-9C0855EEB765}.Release|Any CPU.Build.0 = Release|Any CPU
		{93A3DFC4-A083-43DF-A308-9C0855EEB765}.Release|ARM.ActiveCfg = Release|Any CPU
		{93A3DFC4-A083-43DF-A308-9C0855EEB765}.Release|ARM.Build.0 = Release|Any CPU
		{93A3DFC4-A083-43DF-A308-9C0855EEB765}.Release|iPhone.ActiveCfg = Release|Any CPU
		{93A3DFC4-A083-43DF-A308-9C0855EEB765}.Release|iPhone.Build.0 = Release|Any CPU
		{93A3DFC4-A083-43DF-A308-9C0855EEB765}.Release|iPhoneSimulator.ActiveCfg = Release|Any CPU
		{93A3DFC4-A083-43DF-A308-9C0855EEB765}.Release|iPhoneSimulator.Build.0 = Release|Any CPU
		{93A3DFC4-A083-43DF-A308-9C0855EEB765}.Release|x64.ActiveCfg = Release|Any CPU
		{93A3DFC4-A083-43DF-A308-9C0855EEB765}.Release|x64.Build.0 = Release|Any CPU
		{93A3DFC4-A083-43DF-A308-9C0855EEB765}.Release|x86.ActiveCfg = Release|Any CPU
		{93A3DFC4-A083-43DF-A308-9C0855EEB765}.Release|x86.Build.0 = Release|Any CPU
		{30B38003-F9A7-4969-9B1E-8FC71E88D96D}.Ad-Hoc|Any CPU.ActiveCfg = Release|x86
		{30B38003-F9A7-4969-9B1E-8FC71E88D96D}.Ad-Hoc|Any CPU.Build.0 = Release|x86
		{30B38003-F9A7-4969-9B1E-8FC71E88D96D}.Ad-Hoc|Any CPU.Deploy.0 = Release|x86
		{30B38003-F9A7-4969-9B1E-8FC71E88D96D}.Ad-Hoc|ARM.ActiveCfg = Release|ARM
		{30B38003-F9A7-4969-9B1E-8FC71E88D96D}.Ad-Hoc|ARM.Build.0 = Release|ARM
		{30B38003-F9A7-4969-9B1E-8FC71E88D96D}.Ad-Hoc|ARM.Deploy.0 = Release|ARM
		{30B38003-F9A7-4969-9B1E-8FC71E88D96D}.Ad-Hoc|iPhone.ActiveCfg = Release|x86
		{30B38003-F9A7-4969-9B1E-8FC71E88D96D}.Ad-Hoc|iPhone.Build.0 = Release|x86
		{30B38003-F9A7-4969-9B1E-8FC71E88D96D}.Ad-Hoc|iPhone.Deploy.0 = Release|x86
		{30B38003-F9A7-4969-9B1E-8FC71E88D96D}.Ad-Hoc|iPhoneSimulator.ActiveCfg = Release|x86
		{30B38003-F9A7-4969-9B1E-8FC71E88D96D}.Ad-Hoc|iPhoneSimulator.Build.0 = Release|x86
		{30B38003-F9A7-4969-9B1E-8FC71E88D96D}.Ad-Hoc|iPhoneSimulator.Deploy.0 = Release|x86
		{30B38003-F9A7-4969-9B1E-8FC71E88D96D}.Ad-Hoc|x64.ActiveCfg = Release|x64
		{30B38003-F9A7-4969-9B1E-8FC71E88D96D}.Ad-Hoc|x64.Build.0 = Release|x64
		{30B38003-F9A7-4969-9B1E-8FC71E88D96D}.Ad-Hoc|x64.Deploy.0 = Release|x64
		{30B38003-F9A7-4969-9B1E-8FC71E88D96D}.Ad-Hoc|x86.ActiveCfg = Release|x86
		{30B38003-F9A7-4969-9B1E-8FC71E88D96D}.Ad-Hoc|x86.Build.0 = Release|x86
		{30B38003-F9A7-4969-9B1E-8FC71E88D96D}.Ad-Hoc|x86.Deploy.0 = Release|x86
		{30B38003-F9A7-4969-9B1E-8FC71E88D96D}.AppStore|Any CPU.ActiveCfg = Release|x86
		{30B38003-F9A7-4969-9B1E-8FC71E88D96D}.AppStore|Any CPU.Build.0 = Release|x86
		{30B38003-F9A7-4969-9B1E-8FC71E88D96D}.AppStore|Any CPU.Deploy.0 = Release|x86
		{30B38003-F9A7-4969-9B1E-8FC71E88D96D}.AppStore|ARM.ActiveCfg = Release|ARM
		{30B38003-F9A7-4969-9B1E-8FC71E88D96D}.AppStore|ARM.Build.0 = Release|ARM
		{30B38003-F9A7-4969-9B1E-8FC71E88D96D}.AppStore|ARM.Deploy.0 = Release|ARM
		{30B38003-F9A7-4969-9B1E-8FC71E88D96D}.AppStore|iPhone.ActiveCfg = Release|x86
		{30B38003-F9A7-4969-9B1E-8FC71E88D96D}.AppStore|iPhone.Build.0 = Release|x86
		{30B38003-F9A7-4969-9B1E-8FC71E88D96D}.AppStore|iPhone.Deploy.0 = Release|x86
		{30B38003-F9A7-4969-9B1E-8FC71E88D96D}.AppStore|iPhoneSimulator.ActiveCfg = Release|x86
		{30B38003-F9A7-4969-9B1E-8FC71E88D96D}.AppStore|iPhoneSimulator.Build.0 = Release|x86
		{30B38003-F9A7-4969-9B1E-8FC71E88D96D}.AppStore|iPhoneSimulator.Deploy.0 = Release|x86
		{30B38003-F9A7-4969-9B1E-8FC71E88D96D}.AppStore|x64.ActiveCfg = Release|x64
		{30B38003-F9A7-4969-9B1E-8FC71E88D96D}.AppStore|x64.Build.0 = Release|x64
		{30B38003-F9A7-4969-9B1E-8FC71E88D96D}.AppStore|x64.Deploy.0 = Release|x64
		{30B38003-F9A7-4969-9B1E-8FC71E88D96D}.AppStore|x86.ActiveCfg = Release|x86
		{30B38003-F9A7-4969-9B1E-8FC71E88D96D}.AppStore|x86.Build.0 = Release|x86
		{30B38003-F9A7-4969-9B1E-8FC71E88D96D}.AppStore|x86.Deploy.0 = Release|x86
		{30B38003-F9A7-4969-9B1E-8FC71E88D96D}.Debug|Any CPU.ActiveCfg = Debug|x86
		{30B38003-F9A7-4969-9B1E-8FC71E88D96D}.Debug|Any CPU.Build.0 = Debug|x86
		{30B38003-F9A7-4969-9B1E-8FC71E88D96D}.Debug|Any CPU.Deploy.0 = Debug|x86
		{30B38003-F9A7-4969-9B1E-8FC71E88D96D}.Debug|ARM.ActiveCfg = Debug|ARM
		{30B38003-F9A7-4969-9B1E-8FC71E88D96D}.Debug|ARM.Build.0 = Debug|ARM
		{30B38003-F9A7-4969-9B1E-8FC71E88D96D}.Debug|ARM.Deploy.0 = Debug|ARM
		{30B38003-F9A7-4969-9B1E-8FC71E88D96D}.Debug|iPhone.ActiveCfg = Debug|x86
		{30B38003-F9A7-4969-9B1E-8FC71E88D96D}.Debug|iPhoneSimulator.ActiveCfg = Debug|x86
		{30B38003-F9A7-4969-9B1E-8FC71E88D96D}.Debug|x64.ActiveCfg = Debug|x64
		{30B38003-F9A7-4969-9B1E-8FC71E88D96D}.Debug|x64.Build.0 = Debug|x64
		{30B38003-F9A7-4969-9B1E-8FC71E88D96D}.Debug|x64.Deploy.0 = Debug|x64
		{30B38003-F9A7-4969-9B1E-8FC71E88D96D}.Debug|x86.ActiveCfg = Debug|x86
		{30B38003-F9A7-4969-9B1E-8FC71E88D96D}.Debug|x86.Build.0 = Debug|x86
		{30B38003-F9A7-4969-9B1E-8FC71E88D96D}.Debug|x86.Deploy.0 = Debug|x86
		{30B38003-F9A7-4969-9B1E-8FC71E88D96D}.Release|Any CPU.ActiveCfg = Release|x86
		{30B38003-F9A7-4969-9B1E-8FC71E88D96D}.Release|Any CPU.Build.0 = Release|x86
		{30B38003-F9A7-4969-9B1E-8FC71E88D96D}.Release|Any CPU.Deploy.0 = Release|x86
		{30B38003-F9A7-4969-9B1E-8FC71E88D96D}.Release|ARM.ActiveCfg = Release|ARM
		{30B38003-F9A7-4969-9B1E-8FC71E88D96D}.Release|ARM.Build.0 = Release|ARM
		{30B38003-F9A7-4969-9B1E-8FC71E88D96D}.Release|ARM.Deploy.0 = Release|ARM
		{30B38003-F9A7-4969-9B1E-8FC71E88D96D}.Release|iPhone.ActiveCfg = Release|x86
		{30B38003-F9A7-4969-9B1E-8FC71E88D96D}.Release|iPhoneSimulator.ActiveCfg = Release|x86
		{30B38003-F9A7-4969-9B1E-8FC71E88D96D}.Release|x64.ActiveCfg = Release|x64
		{30B38003-F9A7-4969-9B1E-8FC71E88D96D}.Release|x64.Build.0 = Release|x64
		{30B38003-F9A7-4969-9B1E-8FC71E88D96D}.Release|x64.Deploy.0 = Release|x64
		{30B38003-F9A7-4969-9B1E-8FC71E88D96D}.Release|x86.ActiveCfg = Release|x86
		{30B38003-F9A7-4969-9B1E-8FC71E88D96D}.Release|x86.Build.0 = Release|x86
		{30B38003-F9A7-4969-9B1E-8FC71E88D96D}.Release|x86.Deploy.0 = Release|x86
		{4AFDB2A2-BA99-4A61-880E-64EFCFEA8ECD}.Ad-Hoc|Any CPU.ActiveCfg = Release|x64
		{4AFDB2A2-BA99-4A61-880E-64EFCFEA8ECD}.Ad-Hoc|Any CPU.Build.0 = Release|x64
		{4AFDB2A2-BA99-4A61-880E-64EFCFEA8ECD}.Ad-Hoc|Any CPU.Deploy.0 = Release|x64
		{4AFDB2A2-BA99-4A61-880E-64EFCFEA8ECD}.Ad-Hoc|ARM.ActiveCfg = Release|ARM
		{4AFDB2A2-BA99-4A61-880E-64EFCFEA8ECD}.Ad-Hoc|ARM.Build.0 = Release|ARM
		{4AFDB2A2-BA99-4A61-880E-64EFCFEA8ECD}.Ad-Hoc|ARM.Deploy.0 = Release|ARM
		{4AFDB2A2-BA99-4A61-880E-64EFCFEA8ECD}.Ad-Hoc|iPhone.ActiveCfg = Release|x64
		{4AFDB2A2-BA99-4A61-880E-64EFCFEA8ECD}.Ad-Hoc|iPhone.Build.0 = Release|x64
		{4AFDB2A2-BA99-4A61-880E-64EFCFEA8ECD}.Ad-Hoc|iPhone.Deploy.0 = Release|x64
		{4AFDB2A2-BA99-4A61-880E-64EFCFEA8ECD}.Ad-Hoc|iPhoneSimulator.ActiveCfg = Release|x64
		{4AFDB2A2-BA99-4A61-880E-64EFCFEA8ECD}.Ad-Hoc|iPhoneSimulator.Build.0 = Release|x64
		{4AFDB2A2-BA99-4A61-880E-64EFCFEA8ECD}.Ad-Hoc|iPhoneSimulator.Deploy.0 = Release|x64
		{4AFDB2A2-BA99-4A61-880E-64EFCFEA8ECD}.Ad-Hoc|x64.ActiveCfg = Release|x64
		{4AFDB2A2-BA99-4A61-880E-64EFCFEA8ECD}.Ad-Hoc|x64.Build.0 = Release|x64
		{4AFDB2A2-BA99-4A61-880E-64EFCFEA8ECD}.Ad-Hoc|x64.Deploy.0 = Release|x64
		{4AFDB2A2-BA99-4A61-880E-64EFCFEA8ECD}.Ad-Hoc|x86.ActiveCfg = Release|x86
		{4AFDB2A2-BA99-4A61-880E-64EFCFEA8ECD}.Ad-Hoc|x86.Build.0 = Release|x86
		{4AFDB2A2-BA99-4A61-880E-64EFCFEA8ECD}.Ad-Hoc|x86.Deploy.0 = Release|x86
		{4AFDB2A2-BA99-4A61-880E-64EFCFEA8ECD}.AppStore|Any CPU.ActiveCfg = Release|x64
		{4AFDB2A2-BA99-4A61-880E-64EFCFEA8ECD}.AppStore|Any CPU.Build.0 = Release|x64
		{4AFDB2A2-BA99-4A61-880E-64EFCFEA8ECD}.AppStore|Any CPU.Deploy.0 = Release|x64
		{4AFDB2A2-BA99-4A61-880E-64EFCFEA8ECD}.AppStore|ARM.ActiveCfg = Release|ARM
		{4AFDB2A2-BA99-4A61-880E-64EFCFEA8ECD}.AppStore|ARM.Build.0 = Release|ARM
		{4AFDB2A2-BA99-4A61-880E-64EFCFEA8ECD}.AppStore|ARM.Deploy.0 = Release|ARM
		{4AFDB2A2-BA99-4A61-880E-64EFCFEA8ECD}.AppStore|iPhone.ActiveCfg = Release|x64
		{4AFDB2A2-BA99-4A61-880E-64EFCFEA8ECD}.AppStore|iPhone.Build.0 = Release|x64
		{4AFDB2A2-BA99-4A61-880E-64EFCFEA8ECD}.AppStore|iPhone.Deploy.0 = Release|x64
		{4AFDB2A2-BA99-4A61-880E-64EFCFEA8ECD}.AppStore|iPhoneSimulator.ActiveCfg = Release|x64
		{4AFDB2A2-BA99-4A61-880E-64EFCFEA8ECD}.AppStore|iPhoneSimulator.Build.0 = Release|x64
		{4AFDB2A2-BA99-4A61-880E-64EFCFEA8ECD}.AppStore|iPhoneSimulator.Deploy.0 = Release|x64
		{4AFDB2A2-BA99-4A61-880E-64EFCFEA8ECD}.AppStore|x64.ActiveCfg = Release|x64
		{4AFDB2A2-BA99-4A61-880E-64EFCFEA8ECD}.AppStore|x64.Build.0 = Release|x64
		{4AFDB2A2-BA99-4A61-880E-64EFCFEA8ECD}.AppStore|x64.Deploy.0 = Release|x64
		{4AFDB2A2-BA99-4A61-880E-64EFCFEA8ECD}.AppStore|x86.ActiveCfg = Release|x86
		{4AFDB2A2-BA99-4A61-880E-64EFCFEA8ECD}.AppStore|x86.Build.0 = Release|x86
		{4AFDB2A2-BA99-4A61-880E-64EFCFEA8ECD}.AppStore|x86.Deploy.0 = Release|x86
		{4AFDB2A2-BA99-4A61-880E-64EFCFEA8ECD}.Debug|Any CPU.ActiveCfg = Debug|x86
		{4AFDB2A2-BA99-4A61-880E-64EFCFEA8ECD}.Debug|Any CPU.Build.0 = Debug|x86
		{4AFDB2A2-BA99-4A61-880E-64EFCFEA8ECD}.Debug|Any CPU.Deploy.0 = Debug|x86
		{4AFDB2A2-BA99-4A61-880E-64EFCFEA8ECD}.Debug|ARM.ActiveCfg = Debug|ARM
		{4AFDB2A2-BA99-4A61-880E-64EFCFEA8ECD}.Debug|ARM.Build.0 = Debug|ARM
		{4AFDB2A2-BA99-4A61-880E-64EFCFEA8ECD}.Debug|ARM.Deploy.0 = Debug|ARM
		{4AFDB2A2-BA99-4A61-880E-64EFCFEA8ECD}.Debug|iPhone.ActiveCfg = Debug|x86
		{4AFDB2A2-BA99-4A61-880E-64EFCFEA8ECD}.Debug|iPhoneSimulator.ActiveCfg = Debug|x86
		{4AFDB2A2-BA99-4A61-880E-64EFCFEA8ECD}.Debug|x64.ActiveCfg = Debug|x64
		{4AFDB2A2-BA99-4A61-880E-64EFCFEA8ECD}.Debug|x64.Build.0 = Debug|x64
		{4AFDB2A2-BA99-4A61-880E-64EFCFEA8ECD}.Debug|x64.Deploy.0 = Debug|x64
		{4AFDB2A2-BA99-4A61-880E-64EFCFEA8ECD}.Debug|x86.ActiveCfg = Debug|x86
		{4AFDB2A2-BA99-4A61-880E-64EFCFEA8ECD}.Debug|x86.Build.0 = Debug|x86
		{4AFDB2A2-BA99-4A61-880E-64EFCFEA8ECD}.Debug|x86.Deploy.0 = Debug|x86
		{4AFDB2A2-BA99-4A61-880E-64EFCFEA8ECD}.Release|Any CPU.ActiveCfg = Release|x86
		{4AFDB2A2-BA99-4A61-880E-64EFCFEA8ECD}.Release|Any CPU.Build.0 = Release|x86
		{4AFDB2A2-BA99-4A61-880E-64EFCFEA8ECD}.Release|Any CPU.Deploy.0 = Release|x86
		{4AFDB2A2-BA99-4A61-880E-64EFCFEA8ECD}.Release|ARM.ActiveCfg = Release|ARM
		{4AFDB2A2-BA99-4A61-880E-64EFCFEA8ECD}.Release|ARM.Build.0 = Release|ARM
		{4AFDB2A2-BA99-4A61-880E-64EFCFEA8ECD}.Release|ARM.Deploy.0 = Release|ARM
		{4AFDB2A2-BA99-4A61-880E-64EFCFEA8ECD}.Release|iPhone.ActiveCfg = Release|x86
		{4AFDB2A2-BA99-4A61-880E-64EFCFEA8ECD}.Release|iPhoneSimulator.ActiveCfg = Release|x86
		{4AFDB2A2-BA99-4A61-880E-64EFCFEA8ECD}.Release|x64.ActiveCfg = Release|x64
		{4AFDB2A2-BA99-4A61-880E-64EFCFEA8ECD}.Release|x64.Build.0 = Release|x64
		{4AFDB2A2-BA99-4A61-880E-64EFCFEA8ECD}.Release|x64.Deploy.0 = Release|x64
		{4AFDB2A2-BA99-4A61-880E-64EFCFEA8ECD}.Release|x86.ActiveCfg = Release|x86
		{4AFDB2A2-BA99-4A61-880E-64EFCFEA8ECD}.Release|x86.Build.0 = Release|x86
		{4AFDB2A2-BA99-4A61-880E-64EFCFEA8ECD}.Release|x86.Deploy.0 = Release|x86
		{072EF7BD-39C0-4D89-9624-9EF80D153074}.Ad-Hoc|Any CPU.ActiveCfg = Release|Any CPU
		{072EF7BD-39C0-4D89-9624-9EF80D153074}.Ad-Hoc|Any CPU.Build.0 = Release|Any CPU
		{072EF7BD-39C0-4D89-9624-9EF80D153074}.Ad-Hoc|ARM.ActiveCfg = Release|Any CPU
		{072EF7BD-39C0-4D89-9624-9EF80D153074}.Ad-Hoc|ARM.Build.0 = Release|Any CPU
		{072EF7BD-39C0-4D89-9624-9EF80D153074}.Ad-Hoc|iPhone.ActiveCfg = Release|Any CPU
		{072EF7BD-39C0-4D89-9624-9EF80D153074}.Ad-Hoc|iPhone.Build.0 = Release|Any CPU
		{072EF7BD-39C0-4D89-9624-9EF80D153074}.Ad-Hoc|iPhoneSimulator.ActiveCfg = Release|Any CPU
		{072EF7BD-39C0-4D89-9624-9EF80D153074}.Ad-Hoc|iPhoneSimulator.Build.0 = Release|Any CPU
		{072EF7BD-39C0-4D89-9624-9EF80D153074}.Ad-Hoc|x64.ActiveCfg = Release|Any CPU
		{072EF7BD-39C0-4D89-9624-9EF80D153074}.Ad-Hoc|x64.Build.0 = Release|Any CPU
		{072EF7BD-39C0-4D89-9624-9EF80D153074}.Ad-Hoc|x86.ActiveCfg = Release|Any CPU
		{072EF7BD-39C0-4D89-9624-9EF80D153074}.Ad-Hoc|x86.Build.0 = Release|Any CPU
		{072EF7BD-39C0-4D89-9624-9EF80D153074}.AppStore|Any CPU.ActiveCfg = Release|Any CPU
		{072EF7BD-39C0-4D89-9624-9EF80D153074}.AppStore|Any CPU.Build.0 = Release|Any CPU
		{072EF7BD-39C0-4D89-9624-9EF80D153074}.AppStore|ARM.ActiveCfg = Release|Any CPU
		{072EF7BD-39C0-4D89-9624-9EF80D153074}.AppStore|ARM.Build.0 = Release|Any CPU
		{072EF7BD-39C0-4D89-9624-9EF80D153074}.AppStore|iPhone.ActiveCfg = Release|Any CPU
		{072EF7BD-39C0-4D89-9624-9EF80D153074}.AppStore|iPhone.Build.0 = Release|Any CPU
		{072EF7BD-39C0-4D89-9624-9EF80D153074}.AppStore|iPhoneSimulator.ActiveCfg = Release|Any CPU
		{072EF7BD-39C0-4D89-9624-9EF80D153074}.AppStore|iPhoneSimulator.Build.0 = Release|Any CPU
		{072EF7BD-39C0-4D89-9624-9EF80D153074}.AppStore|x64.ActiveCfg = Release|Any CPU
		{072EF7BD-39C0-4D89-9624-9EF80D153074}.AppStore|x64.Build.0 = Release|Any CPU
		{072EF7BD-39C0-4D89-9624-9EF80D153074}.AppStore|x86.ActiveCfg = Release|Any CPU
		{072EF7BD-39C0-4D89-9624-9EF80D153074}.AppStore|x86.Build.0 = Release|Any CPU
		{072EF7BD-39C0-4D89-9624-9EF80D153074}.Debug|Any CPU.ActiveCfg = Debug|Any CPU
		{072EF7BD-39C0-4D89-9624-9EF80D153074}.Debug|Any CPU.Build.0 = Debug|Any CPU
		{072EF7BD-39C0-4D89-9624-9EF80D153074}.Debug|ARM.ActiveCfg = Debug|Any CPU
		{072EF7BD-39C0-4D89-9624-9EF80D153074}.Debug|ARM.Build.0 = Debug|Any CPU
		{072EF7BD-39C0-4D89-9624-9EF80D153074}.Debug|iPhone.ActiveCfg = Debug|Any CPU
		{072EF7BD-39C0-4D89-9624-9EF80D153074}.Debug|iPhone.Build.0 = Debug|Any CPU
		{072EF7BD-39C0-4D89-9624-9EF80D153074}.Debug|iPhoneSimulator.ActiveCfg = Debug|Any CPU
		{072EF7BD-39C0-4D89-9624-9EF80D153074}.Debug|iPhoneSimulator.Build.0 = Debug|Any CPU
		{072EF7BD-39C0-4D89-9624-9EF80D153074}.Debug|x64.ActiveCfg = Debug|Any CPU
		{072EF7BD-39C0-4D89-9624-9EF80D153074}.Debug|x64.Build.0 = Debug|Any CPU
		{072EF7BD-39C0-4D89-9624-9EF80D153074}.Debug|x86.ActiveCfg = Debug|Any CPU
		{072EF7BD-39C0-4D89-9624-9EF80D153074}.Debug|x86.Build.0 = Debug|Any CPU
		{072EF7BD-39C0-4D89-9624-9EF80D153074}.Release|Any CPU.ActiveCfg = Release|Any CPU
		{072EF7BD-39C0-4D89-9624-9EF80D153074}.Release|Any CPU.Build.0 = Release|Any CPU
		{072EF7BD-39C0-4D89-9624-9EF80D153074}.Release|ARM.ActiveCfg = Release|Any CPU
		{072EF7BD-39C0-4D89-9624-9EF80D153074}.Release|ARM.Build.0 = Release|Any CPU
		{072EF7BD-39C0-4D89-9624-9EF80D153074}.Release|iPhone.ActiveCfg = Release|Any CPU
		{072EF7BD-39C0-4D89-9624-9EF80D153074}.Release|iPhone.Build.0 = Release|Any CPU
		{072EF7BD-39C0-4D89-9624-9EF80D153074}.Release|iPhoneSimulator.ActiveCfg = Release|Any CPU
		{072EF7BD-39C0-4D89-9624-9EF80D153074}.Release|iPhoneSimulator.Build.0 = Release|Any CPU
		{072EF7BD-39C0-4D89-9624-9EF80D153074}.Release|x64.ActiveCfg = Release|Any CPU
		{072EF7BD-39C0-4D89-9624-9EF80D153074}.Release|x64.Build.0 = Release|Any CPU
		{072EF7BD-39C0-4D89-9624-9EF80D153074}.Release|x86.ActiveCfg = Release|Any CPU
		{072EF7BD-39C0-4D89-9624-9EF80D153074}.Release|x86.Build.0 = Release|Any CPU
		{0C0E02F6-8C33-49A8-A9C8-C2026E0645BD}.Ad-Hoc|Any CPU.ActiveCfg = Release|Any CPU
		{0C0E02F6-8C33-49A8-A9C8-C2026E0645BD}.Ad-Hoc|Any CPU.Build.0 = Release|Any CPU
		{0C0E02F6-8C33-49A8-A9C8-C2026E0645BD}.Ad-Hoc|ARM.ActiveCfg = Release|Any CPU
		{0C0E02F6-8C33-49A8-A9C8-C2026E0645BD}.Ad-Hoc|ARM.Build.0 = Release|Any CPU
		{0C0E02F6-8C33-49A8-A9C8-C2026E0645BD}.Ad-Hoc|iPhone.ActiveCfg = Release|Any CPU
		{0C0E02F6-8C33-49A8-A9C8-C2026E0645BD}.Ad-Hoc|iPhone.Build.0 = Release|Any CPU
		{0C0E02F6-8C33-49A8-A9C8-C2026E0645BD}.Ad-Hoc|iPhoneSimulator.ActiveCfg = Release|Any CPU
		{0C0E02F6-8C33-49A8-A9C8-C2026E0645BD}.Ad-Hoc|iPhoneSimulator.Build.0 = Release|Any CPU
		{0C0E02F6-8C33-49A8-A9C8-C2026E0645BD}.Ad-Hoc|x64.ActiveCfg = Release|Any CPU
		{0C0E02F6-8C33-49A8-A9C8-C2026E0645BD}.Ad-Hoc|x64.Build.0 = Release|Any CPU
		{0C0E02F6-8C33-49A8-A9C8-C2026E0645BD}.Ad-Hoc|x86.ActiveCfg = Release|Any CPU
		{0C0E02F6-8C33-49A8-A9C8-C2026E0645BD}.Ad-Hoc|x86.Build.0 = Release|Any CPU
		{0C0E02F6-8C33-49A8-A9C8-C2026E0645BD}.AppStore|Any CPU.ActiveCfg = Release|Any CPU
		{0C0E02F6-8C33-49A8-A9C8-C2026E0645BD}.AppStore|Any CPU.Build.0 = Release|Any CPU
		{0C0E02F6-8C33-49A8-A9C8-C2026E0645BD}.AppStore|ARM.ActiveCfg = Release|Any CPU
		{0C0E02F6-8C33-49A8-A9C8-C2026E0645BD}.AppStore|ARM.Build.0 = Release|Any CPU
		{0C0E02F6-8C33-49A8-A9C8-C2026E0645BD}.AppStore|iPhone.ActiveCfg = Release|Any CPU
		{0C0E02F6-8C33-49A8-A9C8-C2026E0645BD}.AppStore|iPhone.Build.0 = Release|Any CPU
		{0C0E02F6-8C33-49A8-A9C8-C2026E0645BD}.AppStore|iPhoneSimulator.ActiveCfg = Release|Any CPU
		{0C0E02F6-8C33-49A8-A9C8-C2026E0645BD}.AppStore|iPhoneSimulator.Build.0 = Release|Any CPU
		{0C0E02F6-8C33-49A8-A9C8-C2026E0645BD}.AppStore|x64.ActiveCfg = Release|Any CPU
		{0C0E02F6-8C33-49A8-A9C8-C2026E0645BD}.AppStore|x64.Build.0 = Release|Any CPU
		{0C0E02F6-8C33-49A8-A9C8-C2026E0645BD}.AppStore|x86.ActiveCfg = Release|Any CPU
		{0C0E02F6-8C33-49A8-A9C8-C2026E0645BD}.AppStore|x86.Build.0 = Release|Any CPU
		{0C0E02F6-8C33-49A8-A9C8-C2026E0645BD}.Debug|Any CPU.ActiveCfg = Debug|Any CPU
		{0C0E02F6-8C33-49A8-A9C8-C2026E0645BD}.Debug|Any CPU.Build.0 = Debug|Any CPU
		{0C0E02F6-8C33-49A8-A9C8-C2026E0645BD}.Debug|ARM.ActiveCfg = Debug|Any CPU
		{0C0E02F6-8C33-49A8-A9C8-C2026E0645BD}.Debug|ARM.Build.0 = Debug|Any CPU
		{0C0E02F6-8C33-49A8-A9C8-C2026E0645BD}.Debug|iPhone.ActiveCfg = Debug|Any CPU
		{0C0E02F6-8C33-49A8-A9C8-C2026E0645BD}.Debug|iPhone.Build.0 = Debug|Any CPU
		{0C0E02F6-8C33-49A8-A9C8-C2026E0645BD}.Debug|iPhoneSimulator.ActiveCfg = Debug|Any CPU
		{0C0E02F6-8C33-49A8-A9C8-C2026E0645BD}.Debug|iPhoneSimulator.Build.0 = Debug|Any CPU
		{0C0E02F6-8C33-49A8-A9C8-C2026E0645BD}.Debug|x64.ActiveCfg = Debug|Any CPU
		{0C0E02F6-8C33-49A8-A9C8-C2026E0645BD}.Debug|x64.Build.0 = Debug|Any CPU
		{0C0E02F6-8C33-49A8-A9C8-C2026E0645BD}.Debug|x86.ActiveCfg = Debug|Any CPU
		{0C0E02F6-8C33-49A8-A9C8-C2026E0645BD}.Debug|x86.Build.0 = Debug|Any CPU
		{0C0E02F6-8C33-49A8-A9C8-C2026E0645BD}.Release|Any CPU.ActiveCfg = Release|Any CPU
		{0C0E02F6-8C33-49A8-A9C8-C2026E0645BD}.Release|Any CPU.Build.0 = Release|Any CPU
		{0C0E02F6-8C33-49A8-A9C8-C2026E0645BD}.Release|ARM.ActiveCfg = Release|Any CPU
		{0C0E02F6-8C33-49A8-A9C8-C2026E0645BD}.Release|ARM.Build.0 = Release|Any CPU
		{0C0E02F6-8C33-49A8-A9C8-C2026E0645BD}.Release|iPhone.ActiveCfg = Release|Any CPU
		{0C0E02F6-8C33-49A8-A9C8-C2026E0645BD}.Release|iPhone.Build.0 = Release|Any CPU
		{0C0E02F6-8C33-49A8-A9C8-C2026E0645BD}.Release|iPhoneSimulator.ActiveCfg = Release|Any CPU
		{0C0E02F6-8C33-49A8-A9C8-C2026E0645BD}.Release|iPhoneSimulator.Build.0 = Release|Any CPU
		{0C0E02F6-8C33-49A8-A9C8-C2026E0645BD}.Release|x64.ActiveCfg = Release|Any CPU
		{0C0E02F6-8C33-49A8-A9C8-C2026E0645BD}.Release|x64.Build.0 = Release|Any CPU
		{0C0E02F6-8C33-49A8-A9C8-C2026E0645BD}.Release|x86.ActiveCfg = Release|Any CPU
		{0C0E02F6-8C33-49A8-A9C8-C2026E0645BD}.Release|x86.Build.0 = Release|Any CPU
		{0A7C79D1-CD50-4519-96F1-FC5718A0F37F}.Ad-Hoc|Any CPU.ActiveCfg = Release|Any CPU
		{0A7C79D1-CD50-4519-96F1-FC5718A0F37F}.Ad-Hoc|Any CPU.Build.0 = Release|Any CPU
		{0A7C79D1-CD50-4519-96F1-FC5718A0F37F}.Ad-Hoc|ARM.ActiveCfg = Release|Any CPU
		{0A7C79D1-CD50-4519-96F1-FC5718A0F37F}.Ad-Hoc|ARM.Build.0 = Release|Any CPU
		{0A7C79D1-CD50-4519-96F1-FC5718A0F37F}.Ad-Hoc|iPhone.ActiveCfg = Release|Any CPU
		{0A7C79D1-CD50-4519-96F1-FC5718A0F37F}.Ad-Hoc|iPhone.Build.0 = Release|Any CPU
		{0A7C79D1-CD50-4519-96F1-FC5718A0F37F}.Ad-Hoc|iPhoneSimulator.ActiveCfg = Release|Any CPU
		{0A7C79D1-CD50-4519-96F1-FC5718A0F37F}.Ad-Hoc|iPhoneSimulator.Build.0 = Release|Any CPU
		{0A7C79D1-CD50-4519-96F1-FC5718A0F37F}.Ad-Hoc|x64.ActiveCfg = Release|Any CPU
		{0A7C79D1-CD50-4519-96F1-FC5718A0F37F}.Ad-Hoc|x64.Build.0 = Release|Any CPU
		{0A7C79D1-CD50-4519-96F1-FC5718A0F37F}.Ad-Hoc|x86.ActiveCfg = Release|Any CPU
		{0A7C79D1-CD50-4519-96F1-FC5718A0F37F}.Ad-Hoc|x86.Build.0 = Release|Any CPU
		{0A7C79D1-CD50-4519-96F1-FC5718A0F37F}.AppStore|Any CPU.ActiveCfg = Release|Any CPU
		{0A7C79D1-CD50-4519-96F1-FC5718A0F37F}.AppStore|Any CPU.Build.0 = Release|Any CPU
		{0A7C79D1-CD50-4519-96F1-FC5718A0F37F}.AppStore|ARM.ActiveCfg = Release|Any CPU
		{0A7C79D1-CD50-4519-96F1-FC5718A0F37F}.AppStore|ARM.Build.0 = Release|Any CPU
		{0A7C79D1-CD50-4519-96F1-FC5718A0F37F}.AppStore|iPhone.ActiveCfg = Release|Any CPU
		{0A7C79D1-CD50-4519-96F1-FC5718A0F37F}.AppStore|iPhone.Build.0 = Release|Any CPU
		{0A7C79D1-CD50-4519-96F1-FC5718A0F37F}.AppStore|iPhoneSimulator.ActiveCfg = Release|Any CPU
		{0A7C79D1-CD50-4519-96F1-FC5718A0F37F}.AppStore|iPhoneSimulator.Build.0 = Release|Any CPU
		{0A7C79D1-CD50-4519-96F1-FC5718A0F37F}.AppStore|x64.ActiveCfg = Release|Any CPU
		{0A7C79D1-CD50-4519-96F1-FC5718A0F37F}.AppStore|x64.Build.0 = Release|Any CPU
		{0A7C79D1-CD50-4519-96F1-FC5718A0F37F}.AppStore|x86.ActiveCfg = Release|Any CPU
		{0A7C79D1-CD50-4519-96F1-FC5718A0F37F}.AppStore|x86.Build.0 = Release|Any CPU
		{0A7C79D1-CD50-4519-96F1-FC5718A0F37F}.Debug|Any CPU.ActiveCfg = Debug|Any CPU
		{0A7C79D1-CD50-4519-96F1-FC5718A0F37F}.Debug|Any CPU.Build.0 = Debug|Any CPU
		{0A7C79D1-CD50-4519-96F1-FC5718A0F37F}.Debug|ARM.ActiveCfg = Debug|Any CPU
		{0A7C79D1-CD50-4519-96F1-FC5718A0F37F}.Debug|ARM.Build.0 = Debug|Any CPU
		{0A7C79D1-CD50-4519-96F1-FC5718A0F37F}.Debug|iPhone.ActiveCfg = Debug|Any CPU
		{0A7C79D1-CD50-4519-96F1-FC5718A0F37F}.Debug|iPhone.Build.0 = Debug|Any CPU
		{0A7C79D1-CD50-4519-96F1-FC5718A0F37F}.Debug|iPhoneSimulator.ActiveCfg = Debug|Any CPU
		{0A7C79D1-CD50-4519-96F1-FC5718A0F37F}.Debug|iPhoneSimulator.Build.0 = Debug|Any CPU
		{0A7C79D1-CD50-4519-96F1-FC5718A0F37F}.Debug|x64.ActiveCfg = Debug|Any CPU
		{0A7C79D1-CD50-4519-96F1-FC5718A0F37F}.Debug|x64.Build.0 = Debug|Any CPU
		{0A7C79D1-CD50-4519-96F1-FC5718A0F37F}.Debug|x86.ActiveCfg = Debug|Any CPU
		{0A7C79D1-CD50-4519-96F1-FC5718A0F37F}.Debug|x86.Build.0 = Debug|Any CPU
		{0A7C79D1-CD50-4519-96F1-FC5718A0F37F}.Release|Any CPU.ActiveCfg = Release|Any CPU
		{0A7C79D1-CD50-4519-96F1-FC5718A0F37F}.Release|Any CPU.Build.0 = Release|Any CPU
		{0A7C79D1-CD50-4519-96F1-FC5718A0F37F}.Release|ARM.ActiveCfg = Release|Any CPU
		{0A7C79D1-CD50-4519-96F1-FC5718A0F37F}.Release|ARM.Build.0 = Release|Any CPU
		{0A7C79D1-CD50-4519-96F1-FC5718A0F37F}.Release|iPhone.ActiveCfg = Release|Any CPU
		{0A7C79D1-CD50-4519-96F1-FC5718A0F37F}.Release|iPhone.Build.0 = Release|Any CPU
		{0A7C79D1-CD50-4519-96F1-FC5718A0F37F}.Release|iPhoneSimulator.ActiveCfg = Release|Any CPU
		{0A7C79D1-CD50-4519-96F1-FC5718A0F37F}.Release|iPhoneSimulator.Build.0 = Release|Any CPU
		{0A7C79D1-CD50-4519-96F1-FC5718A0F37F}.Release|x64.ActiveCfg = Release|Any CPU
		{0A7C79D1-CD50-4519-96F1-FC5718A0F37F}.Release|x64.Build.0 = Release|Any CPU
		{0A7C79D1-CD50-4519-96F1-FC5718A0F37F}.Release|x86.ActiveCfg = Release|Any CPU
		{0A7C79D1-CD50-4519-96F1-FC5718A0F37F}.Release|x86.Build.0 = Release|Any CPU
		{04A1CC9D-CEC7-410C-9BAC-037347D119DD}.Ad-Hoc|Any CPU.ActiveCfg = Release|Any CPU
		{04A1CC9D-CEC7-410C-9BAC-037347D119DD}.Ad-Hoc|Any CPU.Build.0 = Release|Any CPU
		{04A1CC9D-CEC7-410C-9BAC-037347D119DD}.Ad-Hoc|ARM.ActiveCfg = Release|Any CPU
		{04A1CC9D-CEC7-410C-9BAC-037347D119DD}.Ad-Hoc|ARM.Build.0 = Release|Any CPU
		{04A1CC9D-CEC7-410C-9BAC-037347D119DD}.Ad-Hoc|iPhone.ActiveCfg = Release|Any CPU
		{04A1CC9D-CEC7-410C-9BAC-037347D119DD}.Ad-Hoc|iPhone.Build.0 = Release|Any CPU
		{04A1CC9D-CEC7-410C-9BAC-037347D119DD}.Ad-Hoc|iPhoneSimulator.ActiveCfg = Release|Any CPU
		{04A1CC9D-CEC7-410C-9BAC-037347D119DD}.Ad-Hoc|iPhoneSimulator.Build.0 = Release|Any CPU
		{04A1CC9D-CEC7-410C-9BAC-037347D119DD}.Ad-Hoc|x64.ActiveCfg = Release|Any CPU
		{04A1CC9D-CEC7-410C-9BAC-037347D119DD}.Ad-Hoc|x64.Build.0 = Release|Any CPU
		{04A1CC9D-CEC7-410C-9BAC-037347D119DD}.Ad-Hoc|x86.ActiveCfg = Release|Any CPU
		{04A1CC9D-CEC7-410C-9BAC-037347D119DD}.Ad-Hoc|x86.Build.0 = Release|Any CPU
		{04A1CC9D-CEC7-410C-9BAC-037347D119DD}.AppStore|Any CPU.ActiveCfg = Release|Any CPU
		{04A1CC9D-CEC7-410C-9BAC-037347D119DD}.AppStore|Any CPU.Build.0 = Release|Any CPU
		{04A1CC9D-CEC7-410C-9BAC-037347D119DD}.AppStore|ARM.ActiveCfg = Release|Any CPU
		{04A1CC9D-CEC7-410C-9BAC-037347D119DD}.AppStore|ARM.Build.0 = Release|Any CPU
		{04A1CC9D-CEC7-410C-9BAC-037347D119DD}.AppStore|iPhone.ActiveCfg = Release|Any CPU
		{04A1CC9D-CEC7-410C-9BAC-037347D119DD}.AppStore|iPhone.Build.0 = Release|Any CPU
		{04A1CC9D-CEC7-410C-9BAC-037347D119DD}.AppStore|iPhoneSimulator.ActiveCfg = Release|Any CPU
		{04A1CC9D-CEC7-410C-9BAC-037347D119DD}.AppStore|iPhoneSimulator.Build.0 = Release|Any CPU
		{04A1CC9D-CEC7-410C-9BAC-037347D119DD}.AppStore|x64.ActiveCfg = Release|Any CPU
		{04A1CC9D-CEC7-410C-9BAC-037347D119DD}.AppStore|x64.Build.0 = Release|Any CPU
		{04A1CC9D-CEC7-410C-9BAC-037347D119DD}.AppStore|x86.ActiveCfg = Release|Any CPU
		{04A1CC9D-CEC7-410C-9BAC-037347D119DD}.AppStore|x86.Build.0 = Release|Any CPU
		{04A1CC9D-CEC7-410C-9BAC-037347D119DD}.Debug|Any CPU.ActiveCfg = Debug|Any CPU
		{04A1CC9D-CEC7-410C-9BAC-037347D119DD}.Debug|Any CPU.Build.0 = Debug|Any CPU
		{04A1CC9D-CEC7-410C-9BAC-037347D119DD}.Debug|ARM.ActiveCfg = Debug|Any CPU
		{04A1CC9D-CEC7-410C-9BAC-037347D119DD}.Debug|ARM.Build.0 = Debug|Any CPU
		{04A1CC9D-CEC7-410C-9BAC-037347D119DD}.Debug|iPhone.ActiveCfg = Debug|Any CPU
		{04A1CC9D-CEC7-410C-9BAC-037347D119DD}.Debug|iPhone.Build.0 = Debug|Any CPU
		{04A1CC9D-CEC7-410C-9BAC-037347D119DD}.Debug|iPhoneSimulator.ActiveCfg = Debug|Any CPU
		{04A1CC9D-CEC7-410C-9BAC-037347D119DD}.Debug|iPhoneSimulator.Build.0 = Debug|Any CPU
		{04A1CC9D-CEC7-410C-9BAC-037347D119DD}.Debug|x64.ActiveCfg = Debug|Any CPU
		{04A1CC9D-CEC7-410C-9BAC-037347D119DD}.Debug|x64.Build.0 = Debug|Any CPU
		{04A1CC9D-CEC7-410C-9BAC-037347D119DD}.Debug|x86.ActiveCfg = Debug|Any CPU
		{04A1CC9D-CEC7-410C-9BAC-037347D119DD}.Debug|x86.Build.0 = Debug|Any CPU
		{04A1CC9D-CEC7-410C-9BAC-037347D119DD}.Release|Any CPU.ActiveCfg = Release|Any CPU
		{04A1CC9D-CEC7-410C-9BAC-037347D119DD}.Release|Any CPU.Build.0 = Release|Any CPU
		{04A1CC9D-CEC7-410C-9BAC-037347D119DD}.Release|ARM.ActiveCfg = Release|Any CPU
		{04A1CC9D-CEC7-410C-9BAC-037347D119DD}.Release|ARM.Build.0 = Release|Any CPU
		{04A1CC9D-CEC7-410C-9BAC-037347D119DD}.Release|iPhone.ActiveCfg = Release|Any CPU
		{04A1CC9D-CEC7-410C-9BAC-037347D119DD}.Release|iPhone.Build.0 = Release|Any CPU
		{04A1CC9D-CEC7-410C-9BAC-037347D119DD}.Release|iPhoneSimulator.ActiveCfg = Release|Any CPU
		{04A1CC9D-CEC7-410C-9BAC-037347D119DD}.Release|iPhoneSimulator.Build.0 = Release|Any CPU
		{04A1CC9D-CEC7-410C-9BAC-037347D119DD}.Release|x64.ActiveCfg = Release|Any CPU
		{04A1CC9D-CEC7-410C-9BAC-037347D119DD}.Release|x64.Build.0 = Release|Any CPU
		{04A1CC9D-CEC7-410C-9BAC-037347D119DD}.Release|x86.ActiveCfg = Release|Any CPU
		{04A1CC9D-CEC7-410C-9BAC-037347D119DD}.Release|x86.Build.0 = Release|Any CPU
		{2B91B8E0-8B18-4543-9000-CD3B4150D583}.Ad-Hoc|Any CPU.ActiveCfg = Debug|Any CPU
		{2B91B8E0-8B18-4543-9000-CD3B4150D583}.Ad-Hoc|Any CPU.Build.0 = Debug|Any CPU
		{2B91B8E0-8B18-4543-9000-CD3B4150D583}.Ad-Hoc|ARM.ActiveCfg = Debug|Any CPU
		{2B91B8E0-8B18-4543-9000-CD3B4150D583}.Ad-Hoc|ARM.Build.0 = Debug|Any CPU
		{2B91B8E0-8B18-4543-9000-CD3B4150D583}.Ad-Hoc|iPhone.ActiveCfg = Debug|Any CPU
		{2B91B8E0-8B18-4543-9000-CD3B4150D583}.Ad-Hoc|iPhone.Build.0 = Debug|Any CPU
		{2B91B8E0-8B18-4543-9000-CD3B4150D583}.Ad-Hoc|iPhoneSimulator.ActiveCfg = Debug|Any CPU
		{2B91B8E0-8B18-4543-9000-CD3B4150D583}.Ad-Hoc|iPhoneSimulator.Build.0 = Debug|Any CPU
		{2B91B8E0-8B18-4543-9000-CD3B4150D583}.Ad-Hoc|x64.ActiveCfg = Debug|Any CPU
		{2B91B8E0-8B18-4543-9000-CD3B4150D583}.Ad-Hoc|x64.Build.0 = Debug|Any CPU
		{2B91B8E0-8B18-4543-9000-CD3B4150D583}.Ad-Hoc|x86.ActiveCfg = Debug|Any CPU
		{2B91B8E0-8B18-4543-9000-CD3B4150D583}.Ad-Hoc|x86.Build.0 = Debug|Any CPU
		{2B91B8E0-8B18-4543-9000-CD3B4150D583}.AppStore|Any CPU.ActiveCfg = Debug|Any CPU
		{2B91B8E0-8B18-4543-9000-CD3B4150D583}.AppStore|Any CPU.Build.0 = Debug|Any CPU
		{2B91B8E0-8B18-4543-9000-CD3B4150D583}.AppStore|ARM.ActiveCfg = Debug|Any CPU
		{2B91B8E0-8B18-4543-9000-CD3B4150D583}.AppStore|ARM.Build.0 = Debug|Any CPU
		{2B91B8E0-8B18-4543-9000-CD3B4150D583}.AppStore|iPhone.ActiveCfg = Debug|Any CPU
		{2B91B8E0-8B18-4543-9000-CD3B4150D583}.AppStore|iPhone.Build.0 = Debug|Any CPU
		{2B91B8E0-8B18-4543-9000-CD3B4150D583}.AppStore|iPhoneSimulator.ActiveCfg = Debug|Any CPU
		{2B91B8E0-8B18-4543-9000-CD3B4150D583}.AppStore|iPhoneSimulator.Build.0 = Debug|Any CPU
		{2B91B8E0-8B18-4543-9000-CD3B4150D583}.AppStore|x64.ActiveCfg = Debug|Any CPU
		{2B91B8E0-8B18-4543-9000-CD3B4150D583}.AppStore|x64.Build.0 = Debug|Any CPU
		{2B91B8E0-8B18-4543-9000-CD3B4150D583}.AppStore|x86.ActiveCfg = Debug|Any CPU
		{2B91B8E0-8B18-4543-9000-CD3B4150D583}.AppStore|x86.Build.0 = Debug|Any CPU
		{2B91B8E0-8B18-4543-9000-CD3B4150D583}.Debug|Any CPU.ActiveCfg = Debug|Any CPU
		{2B91B8E0-8B18-4543-9000-CD3B4150D583}.Debug|Any CPU.Build.0 = Debug|Any CPU
		{2B91B8E0-8B18-4543-9000-CD3B4150D583}.Debug|ARM.ActiveCfg = Debug|Any CPU
		{2B91B8E0-8B18-4543-9000-CD3B4150D583}.Debug|ARM.Build.0 = Debug|Any CPU
		{2B91B8E0-8B18-4543-9000-CD3B4150D583}.Debug|iPhone.ActiveCfg = Debug|Any CPU
		{2B91B8E0-8B18-4543-9000-CD3B4150D583}.Debug|iPhone.Build.0 = Debug|Any CPU
		{2B91B8E0-8B18-4543-9000-CD3B4150D583}.Debug|iPhoneSimulator.ActiveCfg = Debug|Any CPU
		{2B91B8E0-8B18-4543-9000-CD3B4150D583}.Debug|iPhoneSimulator.Build.0 = Debug|Any CPU
		{2B91B8E0-8B18-4543-9000-CD3B4150D583}.Debug|x64.ActiveCfg = Debug|Any CPU
		{2B91B8E0-8B18-4543-9000-CD3B4150D583}.Debug|x64.Build.0 = Debug|Any CPU
		{2B91B8E0-8B18-4543-9000-CD3B4150D583}.Debug|x86.ActiveCfg = Debug|Any CPU
		{2B91B8E0-8B18-4543-9000-CD3B4150D583}.Debug|x86.Build.0 = Debug|Any CPU
		{2B91B8E0-8B18-4543-9000-CD3B4150D583}.Release|Any CPU.ActiveCfg = Release|Any CPU
		{2B91B8E0-8B18-4543-9000-CD3B4150D583}.Release|Any CPU.Build.0 = Release|Any CPU
		{2B91B8E0-8B18-4543-9000-CD3B4150D583}.Release|ARM.ActiveCfg = Release|Any CPU
		{2B91B8E0-8B18-4543-9000-CD3B4150D583}.Release|ARM.Build.0 = Release|Any CPU
		{2B91B8E0-8B18-4543-9000-CD3B4150D583}.Release|iPhone.ActiveCfg = Release|Any CPU
		{2B91B8E0-8B18-4543-9000-CD3B4150D583}.Release|iPhone.Build.0 = Release|Any CPU
		{2B91B8E0-8B18-4543-9000-CD3B4150D583}.Release|iPhoneSimulator.ActiveCfg = Release|Any CPU
		{2B91B8E0-8B18-4543-9000-CD3B4150D583}.Release|iPhoneSimulator.Build.0 = Release|Any CPU
		{2B91B8E0-8B18-4543-9000-CD3B4150D583}.Release|x64.ActiveCfg = Release|Any CPU
		{2B91B8E0-8B18-4543-9000-CD3B4150D583}.Release|x64.Build.0 = Release|Any CPU
		{2B91B8E0-8B18-4543-9000-CD3B4150D583}.Release|x86.ActiveCfg = Release|Any CPU
		{2B91B8E0-8B18-4543-9000-CD3B4150D583}.Release|x86.Build.0 = Release|Any CPU
		{0F60934B-B0CE-4868-B4DE-9613AD850406}.Ad-Hoc|Any CPU.ActiveCfg = Release|Any CPU
		{0F60934B-B0CE-4868-B4DE-9613AD850406}.Ad-Hoc|Any CPU.Build.0 = Release|Any CPU
		{0F60934B-B0CE-4868-B4DE-9613AD850406}.Ad-Hoc|ARM.ActiveCfg = Release|Any CPU
		{0F60934B-B0CE-4868-B4DE-9613AD850406}.Ad-Hoc|ARM.Build.0 = Release|Any CPU
		{0F60934B-B0CE-4868-B4DE-9613AD850406}.Ad-Hoc|iPhone.ActiveCfg = Release|Any CPU
		{0F60934B-B0CE-4868-B4DE-9613AD850406}.Ad-Hoc|iPhone.Build.0 = Release|Any CPU
		{0F60934B-B0CE-4868-B4DE-9613AD850406}.Ad-Hoc|iPhoneSimulator.ActiveCfg = Release|Any CPU
		{0F60934B-B0CE-4868-B4DE-9613AD850406}.Ad-Hoc|iPhoneSimulator.Build.0 = Release|Any CPU
		{0F60934B-B0CE-4868-B4DE-9613AD850406}.Ad-Hoc|x64.ActiveCfg = Release|Any CPU
		{0F60934B-B0CE-4868-B4DE-9613AD850406}.Ad-Hoc|x64.Build.0 = Release|Any CPU
		{0F60934B-B0CE-4868-B4DE-9613AD850406}.Ad-Hoc|x86.ActiveCfg = Release|Any CPU
		{0F60934B-B0CE-4868-B4DE-9613AD850406}.Ad-Hoc|x86.Build.0 = Release|Any CPU
		{0F60934B-B0CE-4868-B4DE-9613AD850406}.AppStore|Any CPU.ActiveCfg = Release|Any CPU
		{0F60934B-B0CE-4868-B4DE-9613AD850406}.AppStore|Any CPU.Build.0 = Release|Any CPU
		{0F60934B-B0CE-4868-B4DE-9613AD850406}.AppStore|ARM.ActiveCfg = Release|Any CPU
		{0F60934B-B0CE-4868-B4DE-9613AD850406}.AppStore|ARM.Build.0 = Release|Any CPU
		{0F60934B-B0CE-4868-B4DE-9613AD850406}.AppStore|iPhone.ActiveCfg = Release|Any CPU
		{0F60934B-B0CE-4868-B4DE-9613AD850406}.AppStore|iPhone.Build.0 = Release|Any CPU
		{0F60934B-B0CE-4868-B4DE-9613AD850406}.AppStore|iPhoneSimulator.ActiveCfg = Release|Any CPU
		{0F60934B-B0CE-4868-B4DE-9613AD850406}.AppStore|iPhoneSimulator.Build.0 = Release|Any CPU
		{0F60934B-B0CE-4868-B4DE-9613AD850406}.AppStore|x64.ActiveCfg = Release|Any CPU
		{0F60934B-B0CE-4868-B4DE-9613AD850406}.AppStore|x64.Build.0 = Release|Any CPU
		{0F60934B-B0CE-4868-B4DE-9613AD850406}.AppStore|x86.ActiveCfg = Release|Any CPU
		{0F60934B-B0CE-4868-B4DE-9613AD850406}.AppStore|x86.Build.0 = Release|Any CPU
		{0F60934B-B0CE-4868-B4DE-9613AD850406}.Debug|Any CPU.ActiveCfg = Debug|Any CPU
		{0F60934B-B0CE-4868-B4DE-9613AD850406}.Debug|Any CPU.Build.0 = Debug|Any CPU
		{0F60934B-B0CE-4868-B4DE-9613AD850406}.Debug|ARM.ActiveCfg = Debug|Any CPU
		{0F60934B-B0CE-4868-B4DE-9613AD850406}.Debug|ARM.Build.0 = Debug|Any CPU
		{0F60934B-B0CE-4868-B4DE-9613AD850406}.Debug|iPhone.ActiveCfg = Debug|Any CPU
		{0F60934B-B0CE-4868-B4DE-9613AD850406}.Debug|iPhone.Build.0 = Debug|Any CPU
		{0F60934B-B0CE-4868-B4DE-9613AD850406}.Debug|iPhoneSimulator.ActiveCfg = Debug|Any CPU
		{0F60934B-B0CE-4868-B4DE-9613AD850406}.Debug|iPhoneSimulator.Build.0 = Debug|Any CPU
		{0F60934B-B0CE-4868-B4DE-9613AD850406}.Debug|x64.ActiveCfg = Debug|Any CPU
		{0F60934B-B0CE-4868-B4DE-9613AD850406}.Debug|x64.Build.0 = Debug|Any CPU
		{0F60934B-B0CE-4868-B4DE-9613AD850406}.Debug|x86.ActiveCfg = Debug|Any CPU
		{0F60934B-B0CE-4868-B4DE-9613AD850406}.Debug|x86.Build.0 = Debug|Any CPU
		{0F60934B-B0CE-4868-B4DE-9613AD850406}.Release|Any CPU.ActiveCfg = Release|Any CPU
		{0F60934B-B0CE-4868-B4DE-9613AD850406}.Release|Any CPU.Build.0 = Release|Any CPU
		{0F60934B-B0CE-4868-B4DE-9613AD850406}.Release|ARM.ActiveCfg = Release|Any CPU
		{0F60934B-B0CE-4868-B4DE-9613AD850406}.Release|ARM.Build.0 = Release|Any CPU
		{0F60934B-B0CE-4868-B4DE-9613AD850406}.Release|iPhone.ActiveCfg = Release|Any CPU
		{0F60934B-B0CE-4868-B4DE-9613AD850406}.Release|iPhone.Build.0 = Release|Any CPU
		{0F60934B-B0CE-4868-B4DE-9613AD850406}.Release|iPhoneSimulator.ActiveCfg = Release|Any CPU
		{0F60934B-B0CE-4868-B4DE-9613AD850406}.Release|iPhoneSimulator.Build.0 = Release|Any CPU
		{0F60934B-B0CE-4868-B4DE-9613AD850406}.Release|x64.ActiveCfg = Release|Any CPU
		{0F60934B-B0CE-4868-B4DE-9613AD850406}.Release|x64.Build.0 = Release|Any CPU
		{0F60934B-B0CE-4868-B4DE-9613AD850406}.Release|x86.ActiveCfg = Release|Any CPU
		{0F60934B-B0CE-4868-B4DE-9613AD850406}.Release|x86.Build.0 = Release|Any CPU
		{9655924E-28ED-4475-BFE3-891D29A71098}.Ad-Hoc|Any CPU.ActiveCfg = Release|Any CPU
		{9655924E-28ED-4475-BFE3-891D29A71098}.Ad-Hoc|Any CPU.Build.0 = Release|Any CPU
		{9655924E-28ED-4475-BFE3-891D29A71098}.Ad-Hoc|ARM.ActiveCfg = Release|Any CPU
		{9655924E-28ED-4475-BFE3-891D29A71098}.Ad-Hoc|ARM.Build.0 = Release|Any CPU
		{9655924E-28ED-4475-BFE3-891D29A71098}.Ad-Hoc|iPhone.ActiveCfg = Release|Any CPU
		{9655924E-28ED-4475-BFE3-891D29A71098}.Ad-Hoc|iPhone.Build.0 = Release|Any CPU
		{9655924E-28ED-4475-BFE3-891D29A71098}.Ad-Hoc|iPhoneSimulator.ActiveCfg = Release|Any CPU
		{9655924E-28ED-4475-BFE3-891D29A71098}.Ad-Hoc|iPhoneSimulator.Build.0 = Release|Any CPU
		{9655924E-28ED-4475-BFE3-891D29A71098}.Ad-Hoc|x64.ActiveCfg = Release|Any CPU
		{9655924E-28ED-4475-BFE3-891D29A71098}.Ad-Hoc|x64.Build.0 = Release|Any CPU
		{9655924E-28ED-4475-BFE3-891D29A71098}.Ad-Hoc|x86.ActiveCfg = Release|Any CPU
		{9655924E-28ED-4475-BFE3-891D29A71098}.Ad-Hoc|x86.Build.0 = Release|Any CPU
		{9655924E-28ED-4475-BFE3-891D29A71098}.AppStore|Any CPU.ActiveCfg = Release|Any CPU
		{9655924E-28ED-4475-BFE3-891D29A71098}.AppStore|Any CPU.Build.0 = Release|Any CPU
		{9655924E-28ED-4475-BFE3-891D29A71098}.AppStore|ARM.ActiveCfg = Release|Any CPU
		{9655924E-28ED-4475-BFE3-891D29A71098}.AppStore|ARM.Build.0 = Release|Any CPU
		{9655924E-28ED-4475-BFE3-891D29A71098}.AppStore|iPhone.ActiveCfg = Release|Any CPU
		{9655924E-28ED-4475-BFE3-891D29A71098}.AppStore|iPhone.Build.0 = Release|Any CPU
		{9655924E-28ED-4475-BFE3-891D29A71098}.AppStore|iPhoneSimulator.ActiveCfg = Release|Any CPU
		{9655924E-28ED-4475-BFE3-891D29A71098}.AppStore|iPhoneSimulator.Build.0 = Release|Any CPU
		{9655924E-28ED-4475-BFE3-891D29A71098}.AppStore|x64.ActiveCfg = Release|Any CPU
		{9655924E-28ED-4475-BFE3-891D29A71098}.AppStore|x64.Build.0 = Release|Any CPU
		{9655924E-28ED-4475-BFE3-891D29A71098}.AppStore|x86.ActiveCfg = Release|Any CPU
		{9655924E-28ED-4475-BFE3-891D29A71098}.AppStore|x86.Build.0 = Release|Any CPU
		{9655924E-28ED-4475-BFE3-891D29A71098}.Debug|Any CPU.ActiveCfg = Debug|Any CPU
		{9655924E-28ED-4475-BFE3-891D29A71098}.Debug|Any CPU.Build.0 = Debug|Any CPU
		{9655924E-28ED-4475-BFE3-891D29A71098}.Debug|ARM.ActiveCfg = Debug|Any CPU
		{9655924E-28ED-4475-BFE3-891D29A71098}.Debug|ARM.Build.0 = Debug|Any CPU
		{9655924E-28ED-4475-BFE3-891D29A71098}.Debug|iPhone.ActiveCfg = Debug|Any CPU
		{9655924E-28ED-4475-BFE3-891D29A71098}.Debug|iPhone.Build.0 = Debug|Any CPU
		{9655924E-28ED-4475-BFE3-891D29A71098}.Debug|iPhoneSimulator.ActiveCfg = Debug|Any CPU
		{9655924E-28ED-4475-BFE3-891D29A71098}.Debug|iPhoneSimulator.Build.0 = Debug|Any CPU
		{9655924E-28ED-4475-BFE3-891D29A71098}.Debug|x64.ActiveCfg = Debug|Any CPU
		{9655924E-28ED-4475-BFE3-891D29A71098}.Debug|x64.Build.0 = Debug|Any CPU
		{9655924E-28ED-4475-BFE3-891D29A71098}.Debug|x86.ActiveCfg = Debug|Any CPU
		{9655924E-28ED-4475-BFE3-891D29A71098}.Debug|x86.Build.0 = Debug|Any CPU
		{9655924E-28ED-4475-BFE3-891D29A71098}.Release|Any CPU.ActiveCfg = Release|Any CPU
		{9655924E-28ED-4475-BFE3-891D29A71098}.Release|Any CPU.Build.0 = Release|Any CPU
		{9655924E-28ED-4475-BFE3-891D29A71098}.Release|ARM.ActiveCfg = Release|Any CPU
		{9655924E-28ED-4475-BFE3-891D29A71098}.Release|ARM.Build.0 = Release|Any CPU
		{9655924E-28ED-4475-BFE3-891D29A71098}.Release|iPhone.ActiveCfg = Release|Any CPU
		{9655924E-28ED-4475-BFE3-891D29A71098}.Release|iPhone.Build.0 = Release|Any CPU
		{9655924E-28ED-4475-BFE3-891D29A71098}.Release|iPhoneSimulator.ActiveCfg = Release|Any CPU
		{9655924E-28ED-4475-BFE3-891D29A71098}.Release|iPhoneSimulator.Build.0 = Release|Any CPU
		{9655924E-28ED-4475-BFE3-891D29A71098}.Release|x64.ActiveCfg = Release|Any CPU
		{9655924E-28ED-4475-BFE3-891D29A71098}.Release|x64.Build.0 = Release|Any CPU
		{9655924E-28ED-4475-BFE3-891D29A71098}.Release|x86.ActiveCfg = Release|Any CPU
		{9655924E-28ED-4475-BFE3-891D29A71098}.Release|x86.Build.0 = Release|Any CPU
		{833DFEFC-4626-4E20-A3B4-92776418B1BF}.Ad-Hoc|Any CPU.ActiveCfg = Release|x64
		{833DFEFC-4626-4E20-A3B4-92776418B1BF}.Ad-Hoc|Any CPU.Build.0 = Release|x64
		{833DFEFC-4626-4E20-A3B4-92776418B1BF}.Ad-Hoc|Any CPU.Deploy.0 = Release|x64
		{833DFEFC-4626-4E20-A3B4-92776418B1BF}.Ad-Hoc|ARM.ActiveCfg = Release|ARM
		{833DFEFC-4626-4E20-A3B4-92776418B1BF}.Ad-Hoc|ARM.Build.0 = Release|ARM
		{833DFEFC-4626-4E20-A3B4-92776418B1BF}.Ad-Hoc|ARM.Deploy.0 = Release|ARM
		{833DFEFC-4626-4E20-A3B4-92776418B1BF}.Ad-Hoc|iPhone.ActiveCfg = Release|x64
		{833DFEFC-4626-4E20-A3B4-92776418B1BF}.Ad-Hoc|iPhone.Build.0 = Release|x64
		{833DFEFC-4626-4E20-A3B4-92776418B1BF}.Ad-Hoc|iPhone.Deploy.0 = Release|x64
		{833DFEFC-4626-4E20-A3B4-92776418B1BF}.Ad-Hoc|iPhoneSimulator.ActiveCfg = Release|x64
		{833DFEFC-4626-4E20-A3B4-92776418B1BF}.Ad-Hoc|iPhoneSimulator.Build.0 = Release|x64
		{833DFEFC-4626-4E20-A3B4-92776418B1BF}.Ad-Hoc|iPhoneSimulator.Deploy.0 = Release|x64
		{833DFEFC-4626-4E20-A3B4-92776418B1BF}.Ad-Hoc|x64.ActiveCfg = Release|x64
		{833DFEFC-4626-4E20-A3B4-92776418B1BF}.Ad-Hoc|x64.Build.0 = Release|x64
		{833DFEFC-4626-4E20-A3B4-92776418B1BF}.Ad-Hoc|x64.Deploy.0 = Release|x64
		{833DFEFC-4626-4E20-A3B4-92776418B1BF}.Ad-Hoc|x86.ActiveCfg = Release|x86
		{833DFEFC-4626-4E20-A3B4-92776418B1BF}.Ad-Hoc|x86.Build.0 = Release|x86
		{833DFEFC-4626-4E20-A3B4-92776418B1BF}.Ad-Hoc|x86.Deploy.0 = Release|x86
		{833DFEFC-4626-4E20-A3B4-92776418B1BF}.AppStore|Any CPU.ActiveCfg = Release|x64
		{833DFEFC-4626-4E20-A3B4-92776418B1BF}.AppStore|Any CPU.Build.0 = Release|x64
		{833DFEFC-4626-4E20-A3B4-92776418B1BF}.AppStore|Any CPU.Deploy.0 = Release|x64
		{833DFEFC-4626-4E20-A3B4-92776418B1BF}.AppStore|ARM.ActiveCfg = Release|ARM
		{833DFEFC-4626-4E20-A3B4-92776418B1BF}.AppStore|ARM.Build.0 = Release|ARM
		{833DFEFC-4626-4E20-A3B4-92776418B1BF}.AppStore|ARM.Deploy.0 = Release|ARM
		{833DFEFC-4626-4E20-A3B4-92776418B1BF}.AppStore|iPhone.ActiveCfg = Release|x64
		{833DFEFC-4626-4E20-A3B4-92776418B1BF}.AppStore|iPhone.Build.0 = Release|x64
		{833DFEFC-4626-4E20-A3B4-92776418B1BF}.AppStore|iPhone.Deploy.0 = Release|x64
		{833DFEFC-4626-4E20-A3B4-92776418B1BF}.AppStore|iPhoneSimulator.ActiveCfg = Release|x64
		{833DFEFC-4626-4E20-A3B4-92776418B1BF}.AppStore|iPhoneSimulator.Build.0 = Release|x64
		{833DFEFC-4626-4E20-A3B4-92776418B1BF}.AppStore|iPhoneSimulator.Deploy.0 = Release|x64
		{833DFEFC-4626-4E20-A3B4-92776418B1BF}.AppStore|x64.ActiveCfg = Release|x64
		{833DFEFC-4626-4E20-A3B4-92776418B1BF}.AppStore|x64.Build.0 = Release|x64
		{833DFEFC-4626-4E20-A3B4-92776418B1BF}.AppStore|x64.Deploy.0 = Release|x64
		{833DFEFC-4626-4E20-A3B4-92776418B1BF}.AppStore|x86.ActiveCfg = Release|x86
		{833DFEFC-4626-4E20-A3B4-92776418B1BF}.AppStore|x86.Build.0 = Release|x86
		{833DFEFC-4626-4E20-A3B4-92776418B1BF}.AppStore|x86.Deploy.0 = Release|x86
		{833DFEFC-4626-4E20-A3B4-92776418B1BF}.Debug|Any CPU.ActiveCfg = Debug|x86
		{833DFEFC-4626-4E20-A3B4-92776418B1BF}.Debug|Any CPU.Build.0 = Debug|x86
		{833DFEFC-4626-4E20-A3B4-92776418B1BF}.Debug|Any CPU.Deploy.0 = Debug|x86
		{833DFEFC-4626-4E20-A3B4-92776418B1BF}.Debug|ARM.ActiveCfg = Debug|ARM
		{833DFEFC-4626-4E20-A3B4-92776418B1BF}.Debug|ARM.Build.0 = Debug|ARM
		{833DFEFC-4626-4E20-A3B4-92776418B1BF}.Debug|ARM.Deploy.0 = Debug|ARM
		{833DFEFC-4626-4E20-A3B4-92776418B1BF}.Debug|iPhone.ActiveCfg = Debug|x86
		{833DFEFC-4626-4E20-A3B4-92776418B1BF}.Debug|iPhoneSimulator.ActiveCfg = Debug|x86
		{833DFEFC-4626-4E20-A3B4-92776418B1BF}.Debug|x64.ActiveCfg = Debug|x64
		{833DFEFC-4626-4E20-A3B4-92776418B1BF}.Debug|x64.Build.0 = Debug|x64
		{833DFEFC-4626-4E20-A3B4-92776418B1BF}.Debug|x64.Deploy.0 = Debug|x64
		{833DFEFC-4626-4E20-A3B4-92776418B1BF}.Debug|x86.ActiveCfg = Debug|x86
		{833DFEFC-4626-4E20-A3B4-92776418B1BF}.Debug|x86.Build.0 = Debug|x86
		{833DFEFC-4626-4E20-A3B4-92776418B1BF}.Debug|x86.Deploy.0 = Debug|x86
		{833DFEFC-4626-4E20-A3B4-92776418B1BF}.Release|Any CPU.ActiveCfg = Release|x86
		{833DFEFC-4626-4E20-A3B4-92776418B1BF}.Release|Any CPU.Build.0 = Release|x86
		{833DFEFC-4626-4E20-A3B4-92776418B1BF}.Release|Any CPU.Deploy.0 = Release|x86
		{833DFEFC-4626-4E20-A3B4-92776418B1BF}.Release|ARM.ActiveCfg = Release|ARM
		{833DFEFC-4626-4E20-A3B4-92776418B1BF}.Release|ARM.Build.0 = Release|ARM
		{833DFEFC-4626-4E20-A3B4-92776418B1BF}.Release|ARM.Deploy.0 = Release|ARM
		{833DFEFC-4626-4E20-A3B4-92776418B1BF}.Release|iPhone.ActiveCfg = Release|x86
		{833DFEFC-4626-4E20-A3B4-92776418B1BF}.Release|iPhoneSimulator.ActiveCfg = Release|x86
		{833DFEFC-4626-4E20-A3B4-92776418B1BF}.Release|x64.ActiveCfg = Release|x64
		{833DFEFC-4626-4E20-A3B4-92776418B1BF}.Release|x64.Build.0 = Release|x64
		{833DFEFC-4626-4E20-A3B4-92776418B1BF}.Release|x64.Deploy.0 = Release|x64
		{833DFEFC-4626-4E20-A3B4-92776418B1BF}.Release|x86.ActiveCfg = Release|x86
		{833DFEFC-4626-4E20-A3B4-92776418B1BF}.Release|x86.Build.0 = Release|x86
		{833DFEFC-4626-4E20-A3B4-92776418B1BF}.Release|x86.Deploy.0 = Release|x86
		{5327EF36-4DCC-4C0B-8069-D25C02E50523}.Ad-Hoc|Any CPU.ActiveCfg = Release|x86
		{5327EF36-4DCC-4C0B-8069-D25C02E50523}.Ad-Hoc|Any CPU.Build.0 = Release|x86
		{5327EF36-4DCC-4C0B-8069-D25C02E50523}.Ad-Hoc|Any CPU.Deploy.0 = Release|x86
		{5327EF36-4DCC-4C0B-8069-D25C02E50523}.Ad-Hoc|ARM.ActiveCfg = Release|ARM
		{5327EF36-4DCC-4C0B-8069-D25C02E50523}.Ad-Hoc|ARM.Build.0 = Release|ARM
		{5327EF36-4DCC-4C0B-8069-D25C02E50523}.Ad-Hoc|ARM.Deploy.0 = Release|ARM
		{5327EF36-4DCC-4C0B-8069-D25C02E50523}.Ad-Hoc|iPhone.ActiveCfg = Release|x86
		{5327EF36-4DCC-4C0B-8069-D25C02E50523}.Ad-Hoc|iPhone.Build.0 = Release|x86
		{5327EF36-4DCC-4C0B-8069-D25C02E50523}.Ad-Hoc|iPhone.Deploy.0 = Release|x86
		{5327EF36-4DCC-4C0B-8069-D25C02E50523}.Ad-Hoc|iPhoneSimulator.ActiveCfg = Release|x86
		{5327EF36-4DCC-4C0B-8069-D25C02E50523}.Ad-Hoc|iPhoneSimulator.Build.0 = Release|x86
		{5327EF36-4DCC-4C0B-8069-D25C02E50523}.Ad-Hoc|iPhoneSimulator.Deploy.0 = Release|x86
		{5327EF36-4DCC-4C0B-8069-D25C02E50523}.Ad-Hoc|x64.ActiveCfg = Release|x64
		{5327EF36-4DCC-4C0B-8069-D25C02E50523}.Ad-Hoc|x64.Build.0 = Release|x64
		{5327EF36-4DCC-4C0B-8069-D25C02E50523}.Ad-Hoc|x64.Deploy.0 = Release|x64
		{5327EF36-4DCC-4C0B-8069-D25C02E50523}.Ad-Hoc|x86.ActiveCfg = Release|x86
		{5327EF36-4DCC-4C0B-8069-D25C02E50523}.Ad-Hoc|x86.Build.0 = Release|x86
		{5327EF36-4DCC-4C0B-8069-D25C02E50523}.Ad-Hoc|x86.Deploy.0 = Release|x86
		{5327EF36-4DCC-4C0B-8069-D25C02E50523}.AppStore|Any CPU.ActiveCfg = Release|x86
		{5327EF36-4DCC-4C0B-8069-D25C02E50523}.AppStore|Any CPU.Build.0 = Release|x86
		{5327EF36-4DCC-4C0B-8069-D25C02E50523}.AppStore|Any CPU.Deploy.0 = Release|x86
		{5327EF36-4DCC-4C0B-8069-D25C02E50523}.AppStore|ARM.ActiveCfg = Release|ARM
		{5327EF36-4DCC-4C0B-8069-D25C02E50523}.AppStore|ARM.Build.0 = Release|ARM
		{5327EF36-4DCC-4C0B-8069-D25C02E50523}.AppStore|ARM.Deploy.0 = Release|ARM
		{5327EF36-4DCC-4C0B-8069-D25C02E50523}.AppStore|iPhone.ActiveCfg = Release|x86
		{5327EF36-4DCC-4C0B-8069-D25C02E50523}.AppStore|iPhone.Build.0 = Release|x86
		{5327EF36-4DCC-4C0B-8069-D25C02E50523}.AppStore|iPhone.Deploy.0 = Release|x86
		{5327EF36-4DCC-4C0B-8069-D25C02E50523}.AppStore|iPhoneSimulator.ActiveCfg = Release|x86
		{5327EF36-4DCC-4C0B-8069-D25C02E50523}.AppStore|iPhoneSimulator.Build.0 = Release|x86
		{5327EF36-4DCC-4C0B-8069-D25C02E50523}.AppStore|iPhoneSimulator.Deploy.0 = Release|x86
		{5327EF36-4DCC-4C0B-8069-D25C02E50523}.AppStore|x64.ActiveCfg = Release|x64
		{5327EF36-4DCC-4C0B-8069-D25C02E50523}.AppStore|x64.Build.0 = Release|x64
		{5327EF36-4DCC-4C0B-8069-D25C02E50523}.AppStore|x64.Deploy.0 = Release|x64
		{5327EF36-4DCC-4C0B-8069-D25C02E50523}.AppStore|x86.ActiveCfg = Release|x86
		{5327EF36-4DCC-4C0B-8069-D25C02E50523}.AppStore|x86.Build.0 = Release|x86
		{5327EF36-4DCC-4C0B-8069-D25C02E50523}.AppStore|x86.Deploy.0 = Release|x86
		{5327EF36-4DCC-4C0B-8069-D25C02E50523}.Debug|Any CPU.ActiveCfg = Debug|x86
		{5327EF36-4DCC-4C0B-8069-D25C02E50523}.Debug|Any CPU.Build.0 = Debug|x86
		{5327EF36-4DCC-4C0B-8069-D25C02E50523}.Debug|Any CPU.Deploy.0 = Debug|x86
		{5327EF36-4DCC-4C0B-8069-D25C02E50523}.Debug|ARM.ActiveCfg = Debug|ARM
		{5327EF36-4DCC-4C0B-8069-D25C02E50523}.Debug|ARM.Build.0 = Debug|ARM
		{5327EF36-4DCC-4C0B-8069-D25C02E50523}.Debug|ARM.Deploy.0 = Debug|ARM
		{5327EF36-4DCC-4C0B-8069-D25C02E50523}.Debug|iPhone.ActiveCfg = Debug|x86
		{5327EF36-4DCC-4C0B-8069-D25C02E50523}.Debug|iPhoneSimulator.ActiveCfg = Debug|x86
		{5327EF36-4DCC-4C0B-8069-D25C02E50523}.Debug|x64.ActiveCfg = Debug|x64
		{5327EF36-4DCC-4C0B-8069-D25C02E50523}.Debug|x64.Build.0 = Debug|x64
		{5327EF36-4DCC-4C0B-8069-D25C02E50523}.Debug|x64.Deploy.0 = Debug|x64
		{5327EF36-4DCC-4C0B-8069-D25C02E50523}.Debug|x86.ActiveCfg = Debug|x86
		{5327EF36-4DCC-4C0B-8069-D25C02E50523}.Debug|x86.Build.0 = Debug|x86
		{5327EF36-4DCC-4C0B-8069-D25C02E50523}.Debug|x86.Deploy.0 = Debug|x86
		{5327EF36-4DCC-4C0B-8069-D25C02E50523}.Release|Any CPU.ActiveCfg = Release|x86
		{5327EF36-4DCC-4C0B-8069-D25C02E50523}.Release|Any CPU.Build.0 = Release|x86
		{5327EF36-4DCC-4C0B-8069-D25C02E50523}.Release|Any CPU.Deploy.0 = Release|x86
		{5327EF36-4DCC-4C0B-8069-D25C02E50523}.Release|ARM.ActiveCfg = Release|ARM
		{5327EF36-4DCC-4C0B-8069-D25C02E50523}.Release|ARM.Build.0 = Release|ARM
		{5327EF36-4DCC-4C0B-8069-D25C02E50523}.Release|ARM.Deploy.0 = Release|ARM
		{5327EF36-4DCC-4C0B-8069-D25C02E50523}.Release|iPhone.ActiveCfg = Release|x86
		{5327EF36-4DCC-4C0B-8069-D25C02E50523}.Release|iPhoneSimulator.ActiveCfg = Release|x86
		{5327EF36-4DCC-4C0B-8069-D25C02E50523}.Release|x64.ActiveCfg = Release|x64
		{5327EF36-4DCC-4C0B-8069-D25C02E50523}.Release|x64.Build.0 = Release|x64
		{5327EF36-4DCC-4C0B-8069-D25C02E50523}.Release|x64.Deploy.0 = Release|x64
		{5327EF36-4DCC-4C0B-8069-D25C02E50523}.Release|x86.ActiveCfg = Release|x86
		{5327EF36-4DCC-4C0B-8069-D25C02E50523}.Release|x86.Build.0 = Release|x86
		{5327EF36-4DCC-4C0B-8069-D25C02E50523}.Release|x86.Deploy.0 = Release|x86
		{66E52E06-4A37-4C77-8CEB-1156885F824A}.Ad-Hoc|Any CPU.ActiveCfg = Debug|Any CPU
		{66E52E06-4A37-4C77-8CEB-1156885F824A}.Ad-Hoc|Any CPU.Build.0 = Debug|Any CPU
		{66E52E06-4A37-4C77-8CEB-1156885F824A}.Ad-Hoc|ARM.ActiveCfg = Debug|Any CPU
		{66E52E06-4A37-4C77-8CEB-1156885F824A}.Ad-Hoc|ARM.Build.0 = Debug|Any CPU
		{66E52E06-4A37-4C77-8CEB-1156885F824A}.Ad-Hoc|iPhone.ActiveCfg = Debug|Any CPU
		{66E52E06-4A37-4C77-8CEB-1156885F824A}.Ad-Hoc|iPhone.Build.0 = Debug|Any CPU
		{66E52E06-4A37-4C77-8CEB-1156885F824A}.Ad-Hoc|iPhoneSimulator.ActiveCfg = Debug|Any CPU
		{66E52E06-4A37-4C77-8CEB-1156885F824A}.Ad-Hoc|iPhoneSimulator.Build.0 = Debug|Any CPU
		{66E52E06-4A37-4C77-8CEB-1156885F824A}.Ad-Hoc|x64.ActiveCfg = Debug|Any CPU
		{66E52E06-4A37-4C77-8CEB-1156885F824A}.Ad-Hoc|x64.Build.0 = Debug|Any CPU
		{66E52E06-4A37-4C77-8CEB-1156885F824A}.Ad-Hoc|x86.ActiveCfg = Debug|Any CPU
		{66E52E06-4A37-4C77-8CEB-1156885F824A}.Ad-Hoc|x86.Build.0 = Debug|Any CPU
		{66E52E06-4A37-4C77-8CEB-1156885F824A}.AppStore|Any CPU.ActiveCfg = Debug|Any CPU
		{66E52E06-4A37-4C77-8CEB-1156885F824A}.AppStore|Any CPU.Build.0 = Debug|Any CPU
		{66E52E06-4A37-4C77-8CEB-1156885F824A}.AppStore|ARM.ActiveCfg = Debug|Any CPU
		{66E52E06-4A37-4C77-8CEB-1156885F824A}.AppStore|ARM.Build.0 = Debug|Any CPU
		{66E52E06-4A37-4C77-8CEB-1156885F824A}.AppStore|iPhone.ActiveCfg = Debug|Any CPU
		{66E52E06-4A37-4C77-8CEB-1156885F824A}.AppStore|iPhone.Build.0 = Debug|Any CPU
		{66E52E06-4A37-4C77-8CEB-1156885F824A}.AppStore|iPhoneSimulator.ActiveCfg = Debug|Any CPU
		{66E52E06-4A37-4C77-8CEB-1156885F824A}.AppStore|iPhoneSimulator.Build.0 = Debug|Any CPU
		{66E52E06-4A37-4C77-8CEB-1156885F824A}.AppStore|x64.ActiveCfg = Debug|Any CPU
		{66E52E06-4A37-4C77-8CEB-1156885F824A}.AppStore|x64.Build.0 = Debug|Any CPU
		{66E52E06-4A37-4C77-8CEB-1156885F824A}.AppStore|x86.ActiveCfg = Debug|Any CPU
		{66E52E06-4A37-4C77-8CEB-1156885F824A}.AppStore|x86.Build.0 = Debug|Any CPU
		{66E52E06-4A37-4C77-8CEB-1156885F824A}.Debug|Any CPU.ActiveCfg = Debug|Any CPU
		{66E52E06-4A37-4C77-8CEB-1156885F824A}.Debug|Any CPU.Build.0 = Debug|Any CPU
		{66E52E06-4A37-4C77-8CEB-1156885F824A}.Debug|ARM.ActiveCfg = Debug|Any CPU
		{66E52E06-4A37-4C77-8CEB-1156885F824A}.Debug|ARM.Build.0 = Debug|Any CPU
		{66E52E06-4A37-4C77-8CEB-1156885F824A}.Debug|iPhone.ActiveCfg = Debug|Any CPU
		{66E52E06-4A37-4C77-8CEB-1156885F824A}.Debug|iPhone.Build.0 = Debug|Any CPU
		{66E52E06-4A37-4C77-8CEB-1156885F824A}.Debug|iPhoneSimulator.ActiveCfg = Debug|Any CPU
		{66E52E06-4A37-4C77-8CEB-1156885F824A}.Debug|iPhoneSimulator.Build.0 = Debug|Any CPU
		{66E52E06-4A37-4C77-8CEB-1156885F824A}.Debug|x64.ActiveCfg = Debug|Any CPU
		{66E52E06-4A37-4C77-8CEB-1156885F824A}.Debug|x64.Build.0 = Debug|Any CPU
		{66E52E06-4A37-4C77-8CEB-1156885F824A}.Debug|x86.ActiveCfg = Debug|Any CPU
		{66E52E06-4A37-4C77-8CEB-1156885F824A}.Debug|x86.Build.0 = Debug|Any CPU
		{66E52E06-4A37-4C77-8CEB-1156885F824A}.Release|Any CPU.ActiveCfg = Release|Any CPU
		{66E52E06-4A37-4C77-8CEB-1156885F824A}.Release|Any CPU.Build.0 = Release|Any CPU
		{66E52E06-4A37-4C77-8CEB-1156885F824A}.Release|ARM.ActiveCfg = Release|Any CPU
		{66E52E06-4A37-4C77-8CEB-1156885F824A}.Release|ARM.Build.0 = Release|Any CPU
		{66E52E06-4A37-4C77-8CEB-1156885F824A}.Release|iPhone.ActiveCfg = Release|Any CPU
		{66E52E06-4A37-4C77-8CEB-1156885F824A}.Release|iPhone.Build.0 = Release|Any CPU
		{66E52E06-4A37-4C77-8CEB-1156885F824A}.Release|iPhoneSimulator.ActiveCfg = Release|Any CPU
		{66E52E06-4A37-4C77-8CEB-1156885F824A}.Release|iPhoneSimulator.Build.0 = Release|Any CPU
		{66E52E06-4A37-4C77-8CEB-1156885F824A}.Release|x64.ActiveCfg = Release|Any CPU
		{66E52E06-4A37-4C77-8CEB-1156885F824A}.Release|x64.Build.0 = Release|Any CPU
		{66E52E06-4A37-4C77-8CEB-1156885F824A}.Release|x86.ActiveCfg = Release|Any CPU
		{66E52E06-4A37-4C77-8CEB-1156885F824A}.Release|x86.Build.0 = Release|Any CPU
	EndGlobalSection
	GlobalSection(SolutionProperties) = preSolution
		HideSolutionNode = FALSE
	EndGlobalSection
	GlobalSection(NestedProjects) = preSolution
		{2B91B8E0-8B18-4543-9000-CD3B4150D583} = {3F3B2693-850C-4058-B21E-1214696EB391}
		{0F60934B-B0CE-4868-B4DE-9613AD850406} = {3F3B2693-850C-4058-B21E-1214696EB391}
		{9655924E-28ED-4475-BFE3-891D29A71098} = {3F3B2693-850C-4058-B21E-1214696EB391}
		{833DFEFC-4626-4E20-A3B4-92776418B1BF} = {3F3B2693-850C-4058-B21E-1214696EB391}
		{5327EF36-4DCC-4C0B-8069-D25C02E50523} = {3F3B2693-850C-4058-B21E-1214696EB391}
		{66E52E06-4A37-4C77-8CEB-1156885F824A} = {3F3B2693-850C-4058-B21E-1214696EB391}
	EndGlobalSection
	GlobalSection(ExtensibilityGlobals) = postSolution
		SolutionGuid = {F6D05029-56B8-4E45-AF2D-0E76295DDBA2}
	EndGlobalSection
EndGlobal
